
Microsoft Visual Studio Solution File, Format Version 12.00
# Visual Studio Version 17
VisualStudioVersion = 17.6.33723.286
MinimumVisualStudioVersion = 10.0.40219.1
Project("{FAE04EC0-301F-11D3-BF4B-00C04F79EFBC}") = "Console_socketCom", "Console_socketCom\Console_socketCom.csproj", "{8D8AEA45-59A6-4911-830E-3464B52F15DF}"
EndProject
Global
	GlobalSection(SolutionConfigurationPlatforms) = preSolution
		Debug|Any CPU = Debug|Any CPU
		Release|Any CPU = Release|Any CPU
	EndGlobalSection
	GlobalSection(ProjectConfigurationPlatforms) = postSolution
		{8D8AEA45-59A6-4911-830E-3464B52F15DF}.Debug|Any CPU.ActiveCfg = Debug|Any CPU
		{8D8AEA45-59A6-4911-830E-3464B52F15DF}.Debug|Any CPU.Build.0 = Debug|Any CPU
		{8D8AEA45-59A6-4911-830E-3464B52F15DF}.Release|Any CPU.ActiveCfg = Release|Any CPU
		{8D8AEA45-59A6-4911-830E-3464B52F15DF}.Release|Any CPU.Build.0 = Release|Any CPU
	EndGlobalSection
	GlobalSection(SolutionProperties) = preSolution
		HideSolutionNode = FALSE
	EndGlobalSection
	GlobalSection(ExtensibilityGlobals) = postSolution
		SolutionGuid = {581C14A9-6E74-492B-9084-5CC5592C2748}
	EndGlobalSection
EndGlobal
